// !$*UTF8*$!
{
	archiveVersion = 1;
	classes = {
	};
	objectVersion = 50;
	objects = {

/* Begin PBXFileReference section */
		9394BE2F24064A8300BD99CD /* stl.cpp */ = {isa = PBXFileReference; lastKnownFileType = sourcecode.cpp.cpp; path = stl.cpp; sourceTree = "<group>"; };
		9395402B2423BAB300F2552D /* mem_fun.cpp */ = {isa = PBXFileReference; lastKnownFileType = sourcecode.cpp.cpp; name = mem_fun.cpp; path = ../../../practise/mem_fun.cpp; sourceTree = "<group>"; };
/* End PBXFileReference section */

/* Begin PBXGroup section */
		9394BE2824064A4000BD99CD = {
			isa = PBXGroup;
			children = (
				9395402B2423BAB300F2552D /* mem_fun.cpp */,
				9394BE2F24064A8300BD99CD /* stl.cpp */,
			);
			sourceTree = "<group>";
		};
/* End PBXGroup section */

/* Begin PBXProject section */
		9394BE2924064A4000BD99CD /* Project object */ = {
			isa = PBXProject;
			attributes = {
				LastUpgradeCheck = 1130;
			};
			buildConfigurationList = 9394BE2C24064A4000BD99CD /* Build configuration list for PBXProject "exercise" */;
			compatibilityVersion = "Xcode 9.3";
			developmentRegion = en;
			hasScannedForEncodings = 0;
			knownRegions = (
				en,
				Base,
			);
			mainGroup = 9394BE2824064A4000BD99CD;
			projectDirPath = "";
			projectRoot = "";
			targets = (
			);
		};
/* End PBXProject section */

/* Begin XCBuildConfiguration section */
		9394BE2D24064A4000BD99CD /* Debug */ = {
			isa = XCBuildConfiguration;
			buildSettings = {
			};
			name = Debug;
		};
		9394BE2E24064A4000BD99CD /* Release */ = {
			isa = XCBuildConfiguration;
			buildSettings = {
			};
			name = Release;
		};
/* End XCBuildConfiguration section */

/* Begin XCConfigurationList section */
		9394BE2C24064A4000BD99CD /* Build configuration list for PBXProject "exercise" */ = {
			isa = XCConfigurationList;
			buildConfigurations = (
				9394BE2D24064A4000BD99CD /* Debug */,
				9394BE2E24064A4000BD99CD /* Release */,
			);
			defaultConfigurationIsVisible = 0;
			defaultConfigurationName = Release;
		};
/* End XCConfigurationList section */
	};
	rootObject = 9394BE2924064A4000BD99CD /* Project object */;
}
